<?xml version="1.0" encoding="utf-8"?>
<Project ToolsVersion="4.0" xmlns="http://schemas.microsoft.com/developer/msbuild/2003">
  <ItemGroup>
    <Filter Include="源文件">
      <UniqueIdentifier>{4FC737F1-C7A5-4376-A066-2A32D752A2FF}</UniqueIdentifier>
      <Extensions>cpp;c;cc;cxx;def;odl;idl;hpj;bat;asm;asmx</Extensions>
    </Filter>
    <Filter Include="头文件">
      <UniqueIdentifier>{93995380-89BD-4b04-88EB-625FBE52EBFB}</UniqueIdentifier>
      <Extensions>h;hh;hpp;hxx;hm;inl;inc;xsd</Extensions>
    </Filter>
    <Filter Include="资源文件">
      <UniqueIdentifier>{67DA6AB6-F800-4c08-8B7A-83BB121AAD01}</UniqueIdentifier>
      <Extensions>rc;ico;cur;bmp;dlg;rc2;rct;bin;rgs;gif;jpg;jpeg;jpe;resx;tiff;tif;png;wav;mfcribbon-ms</Extensions>
    </Filter>
    <Filter Include="LinearList">
      <UniqueIdentifier>{809da45b-47cd-45b6-9ff8-fb3a95e8b49b}</UniqueIdentifier>
    </Filter>
    <Filter Include="Stack">
      <UniqueIdentifier>{4cf974ae-dc15-4904-8913-3aa6daebe5b9}</UniqueIdentifier>
    </Filter>
    <Filter Include="Queue">
      <UniqueIdentifier>{89414399-a2e4-4a37-b697-716d6a23afe1}</UniqueIdentifier>
    </Filter>
    <Filter Include="String">
      <UniqueIdentifier>{86a43c14-d87c-45cd-a99e-6305d03e352f}</UniqueIdentifier>
    </Filter>
    <Filter Include="Recursion">
      <UniqueIdentifier>{edb5ecd8-ee9d-44ed-816a-03d9652acc3a}</UniqueIdentifier>
    </Filter>
    <Filter Include="Tree">
      <UniqueIdentifier>{b4a0a0b8-0dc2-4761-ae75-67675d8b01eb}</UniqueIdentifier>
    </Filter>
    <Filter Include="LeetCode">
      <UniqueIdentifier>{39deebfd-bca5-494a-9460-6fc31d7bf910}</UniqueIdentifier>
    </Filter>
    <Filter Include="LeetCode\3Sum">
      <UniqueIdentifier>{ff0ac84d-3e2b-4250-8e63-0394321c2cce}</UniqueIdentifier>
    </Filter>
    <Filter Include="LeetCode\3SumClosest">
      <UniqueIdentifier>{ab7fc828-03dc-48be-b6c0-3ca2a5e03496}</UniqueIdentifier>
    </Filter>
    <Filter Include="LeetCode\AccountsMerge">
      <UniqueIdentifier>{c3ac9c97-e1e4-424b-87fa-a251f15ae099}</UniqueIdentifier>
    </Filter>
    <Filter Include="LeetCode\AddBinary">
      <UniqueIdentifier>{31d2005a-2e8b-4139-99ef-baa0ca7c1d53}</UniqueIdentifier>
    </Filter>
    <Filter Include="LeetCode\AddDigits">
      <UniqueIdentifier>{8552b620-fb7f-4f84-95d3-5dd76ec77e3d}</UniqueIdentifier>
    </Filter>
    <Filter Include="LeetCode\AdditiveNumber">
      <UniqueIdentifier>{94794b24-ffef-43b2-b753-e602a306bb46}</UniqueIdentifier>
    </Filter>
    <Filter Include="LeetCode\AddStrings">
      <UniqueIdentifier>{180b1d27-532b-4dbb-8974-3f321e6e8178}</UniqueIdentifier>
    </Filter>
    <Filter Include="LeetCode\ArithmeticSlices">
      <UniqueIdentifier>{e384f2a2-ae73-466e-8495-ee4bdb4af909}</UniqueIdentifier>
    </Filter>
    <Filter Include="LeetCode\BackspaceStringCmp">
      <UniqueIdentifier>{8b40147f-2715-4871-b42f-d83535da9400}</UniqueIdentifier>
    </Filter>
    <Filter Include="LeetCode\BasicCalculator">
      <UniqueIdentifier>{6a7b2157-01a7-413f-9eda-62bf1a8242cb}</UniqueIdentifier>
    </Filter>
    <Filter Include="LeetCode\BTLevelOrderTraval">
      <UniqueIdentifier>{b2fad5d8-7388-435b-900c-555434776af3}</UniqueIdentifier>
    </Filter>
    <Filter Include="LeetCode\BuddyString">
      <UniqueIdentifier>{817ccbc7-55f9-4ce8-ad81-60e82bad2f3c}</UniqueIdentifier>
    </Filter>
    <Filter Include="LeetCode\BurstBalloons">
      <UniqueIdentifier>{811893b5-6fa6-4d44-81f9-396b80b8d547}</UniqueIdentifier>
    </Filter>
    <Filter Include="LeetCode\Candy">
      <UniqueIdentifier>{1eee676b-828e-4472-8130-bbdad74b801a}</UniqueIdentifier>
    </Filter>
    <Filter Include="LeetCode\CoinChange">
      <UniqueIdentifier>{f5234493-0dda-4dab-a1d0-3afc4f3bf25a}</UniqueIdentifier>
    </Filter>
    <Filter Include="LeetCode\Combination">
      <UniqueIdentifier>{3be705d1-e005-4e99-8bc6-8cfe372e2a2d}</UniqueIdentifier>
    </Filter>
    <Filter Include="LeetCode\constructBinaryTreeFromInorderAndPostorderTraversal">
      <UniqueIdentifier>{4b4241d0-cdbb-4e5f-b13f-1616bf995eae}</UniqueIdentifier>
    </Filter>
    <Filter Include="LeetCode\CountAndSay">
      <UniqueIdentifier>{c28e8c06-ee2e-4908-8ae7-5e2f8c902d32}</UniqueIdentifier>
    </Filter>
    <Filter Include="LeetCode\DecodeWays">
      <UniqueIdentifier>{186b756a-830f-49ff-a7da-699a11b20cd8}</UniqueIdentifier>
    </Filter>
    <Filter Include="LeetCode\DistinctSubsequence">
      <UniqueIdentifier>{1deab280-f4e0-4a48-9682-f3d3fec40fbb}</UniqueIdentifier>
    </Filter>
    <Filter Include="Sort">
      <UniqueIdentifier>{347e4df4-68fb-4bdd-93c3-d99b7c160ae4}</UniqueIdentifier>
    </Filter>
    <Filter Include="Search">
      <UniqueIdentifier>{4e136f96-d135-481e-bf7e-4b6e06ba5668}</UniqueIdentifier>
    </Filter>
    <Filter Include="ThreadPool">
      <UniqueIdentifier>{c73c61a3-d24b-4da1-946c-80054761c335}</UniqueIdentifier>
    </Filter>
    <Filter Include="HUAWEI">
      <UniqueIdentifier>{e37f997c-4f70-4e8b-a458-72321d0042a0}</UniqueIdentifier>
    </Filter>
  </ItemGroup>
  <ItemGroup>
    <Text Include="ReadMe.txt" />
  </ItemGroup>
  <ItemGroup>
    <ClInclude Include="stdafx.h">
      <Filter>头文件</Filter>
    </ClInclude>
    <ClInclude Include="targetver.h">
      <Filter>头文件</Filter>
    </ClInclude>
    <ClInclude Include="SeqStack.h">
      <Filter>Stack</Filter>
    </ClInclude>
    <ClInclude Include="LinkStack.h">
      <Filter>Stack</Filter>
    </ClInclude>
    <ClInclude Include="StackApplication.h">
      <Filter>Stack</Filter>
    </ClInclude>
    <ClInclude Include="SeqCQueue.h">
      <Filter>Queue</Filter>
    </ClInclude>
    <ClInclude Include="LinkQueue.h">
      <Filter>Queue</Filter>
    </ClInclude>
    <ClInclude Include="SeqPQueue.h">
      <Filter>Queue</Filter>
    </ClInclude>
    <ClInclude Include="SeqString.h">
      <Filter>String</Filter>
    </ClInclude>
    <ClInclude Include="RecursionDemo.h">
      <Filter>Recursion</Filter>
    </ClInclude>
    <ClInclude Include="LeetCode\3Sum.h">
      <Filter>LeetCode\3Sum</Filter>
    </ClInclude>
    <ClInclude Include="BiLTree.h">
      <Filter>Tree</Filter>
    </ClInclude>
    <ClInclude Include="3SumClosest.h">
      <Filter>LeetCode\3SumClosest</Filter>
    </ClInclude>
    <ClInclude Include="AccountsMerge.h">
      <Filter>LeetCode\AccountsMerge</Filter>
    </ClInclude>
    <ClInclude Include="addBinary.h">
      <Filter>LeetCode\AddBinary</Filter>
    </ClInclude>
    <ClInclude Include="addDigits.h">
      <Filter>LeetCode\AddDigits</Filter>
    </ClInclude>
    <ClInclude Include="AdditiveNumber.h">
      <Filter>LeetCode\AdditiveNumber</Filter>
    </ClInclude>
    <ClInclude Include="AddStrings.h">
      <Filter>LeetCode\AddStrings</Filter>
    </ClInclude>
    <ClInclude Include="ArithmeticSlices.h">
      <Filter>LeetCode\ArithmeticSlices</Filter>
    </ClInclude>
    <ClInclude Include="BackspaceStringCmp.h">
      <Filter>LeetCode\BackspaceStringCmp</Filter>
    </ClInclude>
    <ClInclude Include="SeqList.h">
      <Filter>LinearList</Filter>
    </ClInclude>
    <ClInclude Include="DList.h">
      <Filter>LinearList</Filter>
    </ClInclude>
    <ClInclude Include="SList.h">
      <Filter>LinearList</Filter>
    </ClInclude>
    <ClInclude Include="BasicCalculator1.h">
      <Filter>LeetCode\BasicCalculator</Filter>
    </ClInclude>
    <ClInclude Include="BTLevelOrderTraval.h">
      <Filter>LeetCode\BTLevelOrderTraval</Filter>
    </ClInclude>
    <ClInclude Include="BuddyString.h">
      <Filter>LeetCode\BuddyString</Filter>
    </ClInclude>
    <ClInclude Include="BurstBalloons.h">
      <Filter>LeetCode\BurstBalloons</Filter>
    </ClInclude>
    <ClInclude Include="Candy.h">
      <Filter>LeetCode\Candy</Filter>
    </ClInclude>
    <ClInclude Include="CoinChange.h">
      <Filter>LeetCode\CoinChange</Filter>
    </ClInclude>
    <ClInclude Include="Combination.h">
      <Filter>LeetCode\Combination</Filter>
    </ClInclude>
    <ClInclude Include="constructBinaryTreeFromInorderAndPostorderTraversal.h">
      <Filter>LeetCode\constructBinaryTreeFromInorderAndPostorderTraversal</Filter>
    </ClInclude>
    <ClInclude Include="CountAndSay.h">
      <Filter>LeetCode\CountAndSay</Filter>
    </ClInclude>
    <ClInclude Include="DecodeWays.h">
      <Filter>LeetCode\DecodeWays</Filter>
    </ClInclude>
    <ClInclude Include="DistinctSubsequence.h">
      <Filter>LeetCode\DistinctSubsequence</Filter>
    </ClInclude>
    <ClInclude Include="DirectInsertSort.h">
      <Filter>Sort</Filter>
    </ClInclude>
    <ClInclude Include="ShellSort.h">
      <Filter>Sort</Filter>
    </ClInclude>
    <ClInclude Include="SelectSort.h">
      <Filter>Sort</Filter>
    </ClInclude>
    <ClInclude Include="HeapSort.h">
      <Filter>Sort</Filter>
    </ClInclude>
    <ClInclude Include="BubbleSort.h">
      <Filter>Sort</Filter>
    </ClInclude>
    <ClInclude Include="QuickSort.h">
      <Filter>Sort</Filter>
    </ClInclude>
    <ClInclude Include="MergeSort.h">
      <Filter>Sort</Filter>
    </ClInclude>
    <ClInclude Include="RadixSort.h">
      <Filter>Sort</Filter>
    </ClInclude>
    <ClInclude Include="SeqListSearch.h">
      <Filter>Search</Filter>
    </ClInclude>
    <ClInclude Include="BinarySearch.h">
      <Filter>Search</Filter>
    </ClInclude>
    <ClInclude Include="BinarySortTree.h">
      <Filter>Search</Filter>
    </ClInclude>
    <ClInclude Include="HashTable.h">
      <Filter>Search</Filter>
    </ClInclude>
    <ClInclude Include="ThreadPool.h">
      <Filter>ThreadPool</Filter>
    </ClInclude>
    <ClInclude Include="String.h">
      <Filter>String</Filter>
    </ClInclude>
    <ClInclude Include="StringFunc.h">
      <Filter>HUAWEI</Filter>
    </ClInclude>
    <ClInclude Include="LinkNodeFunc.h">
      <Filter>头文件</Filter>
    </ClInclude>
  </ItemGroup>
  <ItemGroup>
    <ClCompile Include="stdafx.cpp">
      <Filter>源文件</Filter>
    </ClCompile>
    <ClCompile Include="SeqStack.cpp">
      <Filter>Stack</Filter>
    </ClCompile>
    <ClCompile Include="LinkStack.cpp">
      <Filter>Stack</Filter>
    </ClCompile>
    <ClCompile Include="StackApplication.cpp">
      <Filter>Stack</Filter>
    </ClCompile>
    <ClCompile Include="SeqCQueue.cpp">
      <Filter>Queue</Filter>
    </ClCompile>
    <ClCompile Include="LinkQueue.cpp">
      <Filter>Queue</Filter>
    </ClCompile>
    <ClCompile Include="SeqPQueue.cpp">
      <Filter>Queue</Filter>
    </ClCompile>
    <ClCompile Include="SeqString.cpp">
      <Filter>String</Filter>
    </ClCompile>
    <ClCompile Include="RecursionDemo.cpp">
      <Filter>Recursion</Filter>
    </ClCompile>
    <ClCompile Include="BiLTree.cpp">
      <Filter>Tree</Filter>
    </ClCompile>
    <ClCompile Include="main.cpp">
      <Filter>源文件</Filter>
    </ClCompile>
    <ClCompile Include="SeqList.cpp">
      <Filter>LinearList</Filter>
    </ClCompile>
    <ClCompile Include="DList.cpp">
      <Filter>LinearList</Filter>
    </ClCompile>
    <ClCompile Include="SList.cpp">
      <Filter>LinearList</Filter>
    </ClCompile>
    <ClCompile Include="leetcodemain.cpp">
      <Filter>源文件</Filter>
    </ClCompile>
    <ClCompile Include="ThreadPool.cpp">
      <Filter>ThreadPool</Filter>
    </ClCompile>
    <ClCompile Include="String.cpp">
      <Filter>String</Filter>
    </ClCompile>
    <ClCompile Include="StringFunc.cpp">
      <Filter>HUAWEI</Filter>
    </ClCompile>
    <ClCompile Include="LinkNodeFunc.cpp">
      <Filter>源文件</Filter>
    </ClCompile>
  </ItemGroup>
</Project>