<?xml version="1.0" encoding="utf-8"?>
<Project ToolsVersion="4.0" xmlns="http://schemas.microsoft.com/developer/msbuild/2003">
  <ItemGroup>
    <Filter Include="源文件">
      <UniqueIdentifier>{4FC737F1-C7A5-4376-A066-2A32D752A2FF}</UniqueIdentifier>
      <Extensions>cpp;c;cc;cxx;def;odl;idl;hpj;bat;asm;asmx</Extensions>
    </Filter>
    <Filter Include="头文件">
      <UniqueIdentifier>{93995380-89BD-4b04-88EB-625FBE52EBFB}</UniqueIdentifier>
      <Extensions>h;hh;hpp;hxx;hm;inl;inc;xsd</Extensions>
    </Filter>
    <Filter Include="资源文件">
      <UniqueIdentifier>{67DA6AB6-F800-4c08-8B7A-83BB121AAD01}</UniqueIdentifier>
      <Extensions>rc;ico;cur;bmp;dlg;rc2;rct;bin;rgs;gif;jpg;jpeg;jpe;resx;tiff;tif;png;wav;mfcribbon-ms</Extensions>
    </Filter>
    <Filter Include="LinearList">
      <UniqueIdentifier>{809da45b-47cd-45b6-9ff8-fb3a95e8b49b}</UniqueIdentifier>
    </Filter>
    <Filter Include="String">
      <UniqueIdentifier>{86a43c14-d87c-45cd-a99e-6305d03e352f}</UniqueIdentifier>
    </Filter>
    <Filter Include="Recursion">
      <UniqueIdentifier>{edb5ecd8-ee9d-44ed-816a-03d9652acc3a}</UniqueIdentifier>
    </Filter>
    <Filter Include="Tree">
      <UniqueIdentifier>{b4a0a0b8-0dc2-4761-ae75-67675d8b01eb}</UniqueIdentifier>
    </Filter>
    <Filter Include="LeetCode">
      <UniqueIdentifier>{39deebfd-bca5-494a-9460-6fc31d7bf910}</UniqueIdentifier>
    </Filter>
    <Filter Include="LeetCode\3Sum">
      <UniqueIdentifier>{ff0ac84d-3e2b-4250-8e63-0394321c2cce}</UniqueIdentifier>
    </Filter>
    <Filter Include="LeetCode\3SumClosest">
      <UniqueIdentifier>{ab7fc828-03dc-48be-b6c0-3ca2a5e03496}</UniqueIdentifier>
    </Filter>
  </ItemGroup>
  <ItemGroup>
    <Text Include="ReadMe.txt" />
  </ItemGroup>
  <ItemGroup>
    <ClInclude Include="stdafx.h">
      <Filter>头文件</Filter>
    </ClInclude>
    <ClInclude Include="targetver.h">
      <Filter>头文件</Filter>
    </ClInclude>
    <ClInclude Include="SeqList.h">
      <Filter>LinearList</Filter>
    </ClInclude>
    <ClInclude Include="SList.h">
      <Filter>LinearList</Filter>
    </ClInclude>
    <ClInclude Include="DList.h">
      <Filter>LinearList</Filter>
    </ClInclude>
    <ClInclude Include="SeqString.h">
      <Filter>String</Filter>
    </ClInclude>
    <ClInclude Include="RecursionDemo.h">
      <Filter>Recursion</Filter>
    </ClInclude>
    <ClInclude Include="LeetCode\3Sum.h">
      <Filter>LeetCode\3Sum</Filter>
    </ClInclude>
    <ClInclude Include="BiLTree.h">
      <Filter>Tree</Filter>
    </ClInclude>
    <ClInclude Include="3SumClosest.h">
      <Filter>LeetCode\3SumClosest</Filter>
    </ClInclude>
  </ItemGroup>
  <ItemGroup>
    <ClCompile Include="stdafx.cpp">
      <Filter>源文件</Filter>
    </ClCompile>
    <ClCompile Include="main.cpp">
      <Filter>源文件</Filter>
    </ClCompile>
    <ClCompile Include="SeqList.cpp">
      <Filter>LinearList</Filter>
    </ClCompile>
    <ClCompile Include="SList.cpp">
      <Filter>LinearList</Filter>
    </ClCompile>
    <ClCompile Include="DList.cpp">
      <Filter>LinearList</Filter>
    </ClCompile>
    <ClCompile Include="SeqString.cpp">
      <Filter>String</Filter>
    </ClCompile>
    <ClCompile Include="RecursionDemo.cpp">
      <Filter>Recursion</Filter>
    </ClCompile>
    <ClCompile Include="BiLTree.cpp">
      <Filter>Tree</Filter>
    </ClCompile>
    <ClCompile Include="leetcodemain.cpp">
      <Filter>源文件</Filter>
    </ClCompile>
  </ItemGroup>
</Project>